
Microsoft Visual Studio Solution File, Format Version 12.00
# Visual Studio Version 17
VisualStudioVersion = 17.8.34525.116
MinimumVisualStudioVersion = 10.0.40219.1
Project("{FAE04EC0-301F-11D3-BF4B-00C04F79EFBC}") = "ShipLightToggle", "ShipLightToggle\ShipLightToggle.csproj", "{AF83C7C0-FD89-4273-8553-576FEC72262B}"
EndProject
Global
	GlobalSection(SolutionConfigurationPlatforms) = preSolution
		Debug|Any CPU = Debug|Any CPU
		Release|Any CPU = Release|Any CPU
	EndGlobalSection
	GlobalSection(ProjectConfigurationPlatforms) = postSolution
		{AF83C7C0-FD89-4273-8553-576FEC72262B}.Debug|Any CPU.ActiveCfg = Debug|Any CPU
		{AF83C7C0-FD89-4273-8553-576FEC72262B}.Debug|Any CPU.Build.0 = Debug|Any CPU
		{AF83C7C0-FD89-4273-8553-576FEC72262B}.Release|Any CPU.ActiveCfg = Release|Any CPU
		{AF83C7C0-FD89-4273-8553-576FEC72262B}.Release|Any CPU.Build.0 = Release|Any CPU
	EndGlobalSection
	GlobalSection(SolutionProperties) = preSolution
		HideSolutionNode = FALSE
	EndGlobalSection
	GlobalSection(ExtensibilityGlobals) = postSolution
		SolutionGuid = {E6F44CED-D7AA-49B8-8E58-93AFE68D1AA1}
	EndGlobalSection
EndGlobal
